
Microsoft Visual Studio Solution File, Format Version 12.00
# Visual Studio Version 16
VisualStudioVersion = 16.0.31105.61
MinimumVisualStudioVersion = 10.0.40219.1
Project("{FAE04EC0-301F-11D3-BF4B-00C04F79EFBC}") = "rssReader", "rssReader\rssReader.csproj", "{BFF9D151-6B1B-42CC-AF01-45B6B864EFBA}"
EndProject
Global
	GlobalSection(SolutionConfigurationPlatforms) = preSolution
		Debug|Any CPU = Debug|Any CPU
		Release|Any CPU = Release|Any CPU
	EndGlobalSection
	GlobalSection(ProjectConfigurationPlatforms) = postSolution
		{BFF9D151-6B1B-42CC-AF01-45B6B864EFBA}.Debug|Any CPU.ActiveCfg = Debug|Any CPU
		{BFF9D151-6B1B-42CC-AF01-45B6B864EFBA}.Debug|Any CPU.Build.0 = Debug|Any CPU
		{BFF9D151-6B1B-42CC-AF01-45B6B864EFBA}.Release|Any CPU.ActiveCfg = Release|Any CPU
		{BFF9D151-6B1B-42CC-AF01-45B6B864EFBA}.Release|Any CPU.Build.0 = Release|Any CPU
	EndGlobalSection
	GlobalSection(SolutionProperties) = preSolution
		HideSolutionNode = FALSE
	EndGlobalSection
	GlobalSection(ExtensibilityGlobals) = postSolution
		SolutionGuid = {0E2449CC-C926-4E2D-8505-2EC38539398D}
	EndGlobalSection
EndGlobal
